
Microsoft Visual Studio Solution File, Format Version 12.00
Project("{FAE04EC0-301F-11D3-BF4B-00C04F79EFBC}") = "SzamnegyesekConsole", "SzamnegyesekConsole\SzamnegyesekConsole.csproj", "{62E765A0-34E5-4AE3-B46A-544BB40D52F0}"
EndProject
Project("{FAE04EC0-301F-11D3-BF4B-00C04F79EFBC}") = "SzamnegyesekGrafikus", "SzamnegyesekGrafikus\SzamnegyesekGrafikus.csproj", "{93C98626-FC95-4578-B903-C03B48EDA40C}"
EndProject
Project("{FAE04EC0-301F-11D3-BF4B-00C04F79EFBC}") = "SzamnegyesekApi", "SzamnegyesekApi\SzamnegyesekApi.csproj", "{A3F321A7-3CED-41F0-8144-D15A14089861}"
EndProject
Project("{FAE04EC0-301F-11D3-BF4B-00C04F79EFBC}") = "SzamnegyesekFrontend", "SzamnegyesekFrontend\SzamnegyesekFrontend.csproj", "{5CC1FCB9-DDD3-48E7-9649-D51C818CFB6E}"
EndProject
Global
	GlobalSection(SolutionConfigurationPlatforms) = preSolution
		Debug|Any CPU = Debug|Any CPU
		Release|Any CPU = Release|Any CPU
	EndGlobalSection
	GlobalSection(ProjectConfigurationPlatforms) = postSolution
		{62E765A0-34E5-4AE3-B46A-544BB40D52F0}.Debug|Any CPU.ActiveCfg = Debug|Any CPU
		{62E765A0-34E5-4AE3-B46A-544BB40D52F0}.Debug|Any CPU.Build.0 = Debug|Any CPU
		{62E765A0-34E5-4AE3-B46A-544BB40D52F0}.Release|Any CPU.ActiveCfg = Release|Any CPU
		{62E765A0-34E5-4AE3-B46A-544BB40D52F0}.Release|Any CPU.Build.0 = Release|Any CPU
		{93C98626-FC95-4578-B903-C03B48EDA40C}.Debug|Any CPU.ActiveCfg = Debug|Any CPU
		{93C98626-FC95-4578-B903-C03B48EDA40C}.Debug|Any CPU.Build.0 = Debug|Any CPU
		{93C98626-FC95-4578-B903-C03B48EDA40C}.Release|Any CPU.ActiveCfg = Release|Any CPU
		{93C98626-FC95-4578-B903-C03B48EDA40C}.Release|Any CPU.Build.0 = Release|Any CPU
		{A3F321A7-3CED-41F0-8144-D15A14089861}.Debug|Any CPU.ActiveCfg = Debug|Any CPU
		{A3F321A7-3CED-41F0-8144-D15A14089861}.Debug|Any CPU.Build.0 = Debug|Any CPU
		{A3F321A7-3CED-41F0-8144-D15A14089861}.Release|Any CPU.ActiveCfg = Release|Any CPU
		{A3F321A7-3CED-41F0-8144-D15A14089861}.Release|Any CPU.Build.0 = Release|Any CPU
		{5CC1FCB9-DDD3-48E7-9649-D51C818CFB6E}.Debug|Any CPU.ActiveCfg = Debug|Any CPU
		{5CC1FCB9-DDD3-48E7-9649-D51C818CFB6E}.Debug|Any CPU.Build.0 = Debug|Any CPU
		{5CC1FCB9-DDD3-48E7-9649-D51C818CFB6E}.Release|Any CPU.ActiveCfg = Release|Any CPU
		{5CC1FCB9-DDD3-48E7-9649-D51C818CFB6E}.Release|Any CPU.Build.0 = Release|Any CPU
	EndGlobalSection
EndGlobal
